
Microsoft Visual Studio Solution File, Format Version 12.00
# Visual Studio Version 17
VisualStudioVersion = 17.5.33516.290
MinimumVisualStudioVersion = 10.0.40219.1
Project("{FAE04EC0-301F-11D3-BF4B-00C04F79EFBC}") = "MagicVilla_VillaApi", "MagicVilla_VillaApi\MagicVilla_VillaApi.csproj", "{AC13A365-2997-495A-A757-395A512D07AC}"
EndProject
Global
	GlobalSection(SolutionConfigurationPlatforms) = preSolution
		Debug|Any CPU = Debug|Any CPU
		Release|Any CPU = Release|Any CPU
	EndGlobalSection
	GlobalSection(ProjectConfigurationPlatforms) = postSolution
		{AC13A365-2997-495A-A757-395A512D07AC}.Debug|Any CPU.ActiveCfg = Debug|Any CPU
		{AC13A365-2997-495A-A757-395A512D07AC}.Debug|Any CPU.Build.0 = Debug|Any CPU
		{AC13A365-2997-495A-A757-395A512D07AC}.Release|Any CPU.ActiveCfg = Release|Any CPU
		{AC13A365-2997-495A-A757-395A512D07AC}.Release|Any CPU.Build.0 = Release|Any CPU
	EndGlobalSection
	GlobalSection(SolutionProperties) = preSolution
		HideSolutionNode = FALSE
	EndGlobalSection
	GlobalSection(ExtensibilityGlobals) = postSolution
		SolutionGuid = {6DAD76B3-0C4A-4E55-B150-99C1A920DF53}
	EndGlobalSection
EndGlobal
